# This file is automatically @generated by Cargo.
# It is not intended for manual editing.
version = 4

[[package]]
name = "api-gateway"
version = "0.1.0"

[[package]]
name = "core-domain"
version = "0.1.0"

[[package]]
name = "executor"
version = "0.1.0"

[[package]]
name = "notifier"
version = "0.1.0"

[[package]]
name = "poller"
version = "0.1.0"

[[package]]
name = "spx-client"
version = "0.1.0"

[[package]]
name = "store"
version = "0.1.0"

[[package]]
name = "ws-hub"
version = "0.1.0"
